
Microsoft Visual Studio Solution File, Format Version 12.00
# Visual Studio Version 16
VisualStudioVersion = 16.0.29728.190
MinimumVisualStudioVersion = 15.0.26124.0
Project("{9A19103F-16F7-4668-BE54-9A1E7A4F7556}") = "IndexBuilder", "IndexBuilder\IndexBuilder.csproj", "{AC6F8055-06F1-49C6-AC18-56734ABB01BB}"
EndProject
Project("{9A19103F-16F7-4668-BE54-9A1E7A4F7556}") = "IndexModels", "IndexModels\IndexModels.csproj", "{BB09FDCF-672F-42F5-9CFF-202CB113010E}"
EndProject
Project("{9A19103F-16F7-4668-BE54-9A1E7A4F7556}") = "IndexServer", "IndexServer\IndexServer.csproj", "{B029E8DF-4954-4CDA-8425-495EC6153F67}"
EndProject
Project("{FAE04EC0-301F-11D3-BF4B-00C04F79EFBC}") = "IndexModels.Tests", "IndexModels.Tests\IndexModels.Tests.csproj", "{C89B234B-EEFA-4379-8566-464B2417D7F5}"
EndProject
Global
	GlobalSection(SolutionConfigurationPlatforms) = preSolution
		Debug|Any CPU = Debug|Any CPU
		Release|Any CPU = Release|Any CPU
	EndGlobalSection
	GlobalSection(ProjectConfigurationPlatforms) = postSolution
		{AC6F8055-06F1-49C6-AC18-56734ABB01BB}.Debug|Any CPU.ActiveCfg = Debug|Any CPU
		{AC6F8055-06F1-49C6-AC18-56734ABB01BB}.Debug|Any CPU.Build.0 = Debug|Any CPU
		{AC6F8055-06F1-49C6-AC18-56734ABB01BB}.Release|Any CPU.ActiveCfg = Release|Any CPU
		{AC6F8055-06F1-49C6-AC18-56734ABB01BB}.Release|Any CPU.Build.0 = Release|Any CPU
		{BB09FDCF-672F-42F5-9CFF-202CB113010E}.Debug|Any CPU.ActiveCfg = Debug|Any CPU
		{BB09FDCF-672F-42F5-9CFF-202CB113010E}.Debug|Any CPU.Build.0 = Debug|Any CPU
		{BB09FDCF-672F-42F5-9CFF-202CB113010E}.Release|Any CPU.ActiveCfg = Release|Any CPU
		{BB09FDCF-672F-42F5-9CFF-202CB113010E}.Release|Any CPU.Build.0 = Release|Any CPU
		{B029E8DF-4954-4CDA-8425-495EC6153F67}.Debug|Any CPU.ActiveCfg = Debug|Any CPU
		{B029E8DF-4954-4CDA-8425-495EC6153F67}.Debug|Any CPU.Build.0 = Debug|Any CPU
		{B029E8DF-4954-4CDA-8425-495EC6153F67}.Release|Any CPU.ActiveCfg = Release|Any CPU
		{B029E8DF-4954-4CDA-8425-495EC6153F67}.Release|Any CPU.Build.0 = Release|Any CPU
		{C89B234B-EEFA-4379-8566-464B2417D7F5}.Debug|Any CPU.ActiveCfg = Debug|Any CPU
		{C89B234B-EEFA-4379-8566-464B2417D7F5}.Debug|Any CPU.Build.0 = Debug|Any CPU
		{C89B234B-EEFA-4379-8566-464B2417D7F5}.Release|Any CPU.ActiveCfg = Release|Any CPU
		{C89B234B-EEFA-4379-8566-464B2417D7F5}.Release|Any CPU.Build.0 = Release|Any CPU
	EndGlobalSection
	GlobalSection(SolutionProperties) = preSolution
		HideSolutionNode = FALSE
	EndGlobalSection
	GlobalSection(ExtensibilityGlobals) = postSolution
		SolutionGuid = {7EC5AD48-C823-4D93-8550-6F7BCDFA43D7}
	EndGlobalSection
EndGlobal
